<?xml version="1.0" encoding="utf-8"?>
<Project ToolsVersion="4.0" xmlns="http://schemas.microsoft.com/developer/msbuild/2003">
  <ItemGroup>
    <ClCompile Include="..\..\cppl\abstractreceiver.cpp" />
    <ClCompile Include="..\..\cppl\bufferprocessor.cpp" />
    <ClCompile Include="..\..\cppl\helper.cpp" />
    <ClCompile Include="..\..\cppl\pipeclient.cpp" />
    <ClCompile Include="..\..\cppl\pipechannel.cpp" />
    <ClCompile Include="..\..\cppl\pipeserver.cpp" />
  </ItemGroup>
  <ItemGroup>
    <ClInclude Include="..\..\cppl\abstractreceiver.hpp" />
    <ClInclude Include="..\..\cppl\bufferprocessor.hpp" />
    <ClInclude Include="..\..\cppl\helper.hpp" />
    <ClInclude Include="..\..\cppl\pipeclient.hpp" />
    <ClInclude Include="..\..\cppl\pipechannel.hpp" />
    <ClInclude Include="..\..\cppl\pipeserver.hpp" />
  </ItemGroup>
</Project>