
Microsoft Visual Studio Solution File, Format Version 12.00
# Visual Studio 2012
Project("{8BC9CEB8-8B4A-11D0-8D11-00A0C91BC942}") = "san2", "san2\san2.vcxproj", "{191FA64D-B727-48F5-87C3-D2173D5B430B}"
EndProject
Project("{8BC9CEB8-8B4A-11D0-8D11-00A0C91BC942}") = "cppl", "cppl\cppl.vcxproj", "{87B3DB35-7C35-4CA6-A189-BAC3C26B6AE6}"
EndProject
Project("{8BC9CEB8-8B4A-11D0-8D11-00A0C91BC942}") = "utils", "utils\utils.vcxproj", "{C8491573-6282-4270-BA90-E9A3491D7BDD}"
EndProject
Project("{8BC9CEB8-8B4A-11D0-8D11-00A0C91BC942}") = "rpc", "rpc\rpc.vcxproj", "{B4BF7951-44B1-45DD-B1F8-048E962546F9}"
EndProject
Project("{2150E333-8FDC-42A3-9474-1A3956D46DE8}") = "examples", "examples", "{6E186E7F-1E4E-486F-B36F-E4D225494026}"
EndProject
Project("{8BC9CEB8-8B4A-11D0-8D11-00A0C91BC942}") = "stream", "stream\stream.vcxproj", "{954B0EB9-9EB8-40EA-A985-5C140F875B21}"
EndProject
Project("{8BC9CEB8-8B4A-11D0-8D11-00A0C91BC942}") = "comm", "comm\comm.vcxproj", "{638F4643-4ABE-43C8-BFDC-6071C5C3C4EC}"
EndProject
Project("{2150E333-8FDC-42A3-9474-1A3956D46DE8}") = "cppl", "cppl", "{C1FEA11D-A8BC-469C-B39D-C31EF8135942}"
EndProject
Project("{2150E333-8FDC-42A3-9474-1A3956D46DE8}") = "rpc", "rpc", "{CDB5F9FA-67B0-4E53-A3CA-AEABFF503419}"
EndProject
Project("{2150E333-8FDC-42A3-9474-1A3956D46DE8}") = "utils", "utils", "{7366E1BF-075C-469A-A4D7-3FE976375173}"
EndProject
Project("{8BC9CEB8-8B4A-11D0-8D11-00A0C91BC942}") = "vector", "vector\vector.vcxproj", "{38C7E820-8AC2-4F0C-B7DF-240EA786FE0D}"
EndProject
Project("{8BC9CEB8-8B4A-11D0-8D11-00A0C91BC942}") = "cppl_server", "cppl_server\cppl_server.vcxproj", "{785CDA28-88D8-4F63-9854-212D2F5EA0E8}"
EndProject
Project("{8BC9CEB8-8B4A-11D0-8D11-00A0C91BC942}") = "cppl_client", "cppl_client\cppl_client.vcxproj", "{C83A3A84-7E53-47EA-9FD2-220D6AD45C60}"
EndProject
Project("{8BC9CEB8-8B4A-11D0-8D11-00A0C91BC942}") = "terminal", "terminal\terminal.vcxproj", "{8C967D47-7CA7-48D5-8B9E-E7D0201ECC91}"
EndProject
Project("{8BC9CEB8-8B4A-11D0-8D11-00A0C91BC942}") = "rpc_server", "rpc_server\rpc_server.vcxproj", "{B0F0C8FA-3550-4271-BF0F-EBA7BAF086B9}"
EndProject
Project("{8BC9CEB8-8B4A-11D0-8D11-00A0C91BC942}") = "rpc_client", "rpc_client\rpc_client.vcxproj", "{DF37B765-31E7-4E1D-8FC5-6871055F113F}"
EndProject
Global
	GlobalSection(SolutionConfigurationPlatforms) = preSolution
		Debug|Mixed Platforms = Debug|Mixed Platforms
		Debug|Win32 = Debug|Win32
		Debug|x64 = Debug|x64
		Release|Mixed Platforms = Release|Mixed Platforms
		Release|Win32 = Release|Win32
		Release|x64 = Release|x64
	EndGlobalSection
	GlobalSection(ProjectConfigurationPlatforms) = postSolution
		{191FA64D-B727-48F5-87C3-D2173D5B430B}.Debug|Mixed Platforms.ActiveCfg = Debug|x64
		{191FA64D-B727-48F5-87C3-D2173D5B430B}.Debug|Mixed Platforms.Build.0 = Debug|x64
		{191FA64D-B727-48F5-87C3-D2173D5B430B}.Debug|Win32.ActiveCfg = Debug|Win32
		{191FA64D-B727-48F5-87C3-D2173D5B430B}.Debug|Win32.Build.0 = Debug|Win32
		{191FA64D-B727-48F5-87C3-D2173D5B430B}.Debug|x64.ActiveCfg = Debug|x64
		{191FA64D-B727-48F5-87C3-D2173D5B430B}.Debug|x64.Build.0 = Debug|x64
		{191FA64D-B727-48F5-87C3-D2173D5B430B}.Release|Mixed Platforms.ActiveCfg = Release|Win32
		{191FA64D-B727-48F5-87C3-D2173D5B430B}.Release|Mixed Platforms.Build.0 = Release|Win32
		{191FA64D-B727-48F5-87C3-D2173D5B430B}.Release|Win32.ActiveCfg = Release|Win32
		{191FA64D-B727-48F5-87C3-D2173D5B430B}.Release|Win32.Build.0 = Release|Win32
		{191FA64D-B727-48F5-87C3-D2173D5B430B}.Release|x64.ActiveCfg = Release|x64
		{191FA64D-B727-48F5-87C3-D2173D5B430B}.Release|x64.Build.0 = Release|x64
		{87B3DB35-7C35-4CA6-A189-BAC3C26B6AE6}.Debug|Mixed Platforms.ActiveCfg = Debug|x64
		{87B3DB35-7C35-4CA6-A189-BAC3C26B6AE6}.Debug|Mixed Platforms.Build.0 = Debug|x64
		{87B3DB35-7C35-4CA6-A189-BAC3C26B6AE6}.Debug|Win32.ActiveCfg = Debug|Win32
		{87B3DB35-7C35-4CA6-A189-BAC3C26B6AE6}.Debug|Win32.Build.0 = Debug|Win32
		{87B3DB35-7C35-4CA6-A189-BAC3C26B6AE6}.Debug|x64.ActiveCfg = Debug|x64
		{87B3DB35-7C35-4CA6-A189-BAC3C26B6AE6}.Debug|x64.Build.0 = Debug|x64
		{87B3DB35-7C35-4CA6-A189-BAC3C26B6AE6}.Release|Mixed Platforms.ActiveCfg = Release|Win32
		{87B3DB35-7C35-4CA6-A189-BAC3C26B6AE6}.Release|Mixed Platforms.Build.0 = Release|Win32
		{87B3DB35-7C35-4CA6-A189-BAC3C26B6AE6}.Release|Win32.ActiveCfg = Release|Win32
		{87B3DB35-7C35-4CA6-A189-BAC3C26B6AE6}.Release|Win32.Build.0 = Release|Win32
		{87B3DB35-7C35-4CA6-A189-BAC3C26B6AE6}.Release|x64.ActiveCfg = Release|x64
		{87B3DB35-7C35-4CA6-A189-BAC3C26B6AE6}.Release|x64.Build.0 = Release|x64
		{C8491573-6282-4270-BA90-E9A3491D7BDD}.Debug|Mixed Platforms.ActiveCfg = Debug|x64
		{C8491573-6282-4270-BA90-E9A3491D7BDD}.Debug|Mixed Platforms.Build.0 = Debug|x64
		{C8491573-6282-4270-BA90-E9A3491D7BDD}.Debug|Win32.ActiveCfg = Debug|Win32
		{C8491573-6282-4270-BA90-E9A3491D7BDD}.Debug|Win32.Build.0 = Debug|Win32
		{C8491573-6282-4270-BA90-E9A3491D7BDD}.Debug|x64.ActiveCfg = Debug|x64
		{C8491573-6282-4270-BA90-E9A3491D7BDD}.Debug|x64.Build.0 = Debug|x64
		{C8491573-6282-4270-BA90-E9A3491D7BDD}.Release|Mixed Platforms.ActiveCfg = Release|Win32
		{C8491573-6282-4270-BA90-E9A3491D7BDD}.Release|Mixed Platforms.Build.0 = Release|Win32
		{C8491573-6282-4270-BA90-E9A3491D7BDD}.Release|Win32.ActiveCfg = Release|Win32
		{C8491573-6282-4270-BA90-E9A3491D7BDD}.Release|Win32.Build.0 = Release|Win32
		{C8491573-6282-4270-BA90-E9A3491D7BDD}.Release|x64.ActiveCfg = Release|Win32
		{B4BF7951-44B1-45DD-B1F8-048E962546F9}.Debug|Mixed Platforms.ActiveCfg = Debug|x64
		{B4BF7951-44B1-45DD-B1F8-048E962546F9}.Debug|Mixed Platforms.Build.0 = Debug|x64
		{B4BF7951-44B1-45DD-B1F8-048E962546F9}.Debug|Win32.ActiveCfg = Debug|Win32
		{B4BF7951-44B1-45DD-B1F8-048E962546F9}.Debug|Win32.Build.0 = Debug|Win32
		{B4BF7951-44B1-45DD-B1F8-048E962546F9}.Debug|x64.ActiveCfg = Debug|x64
		{B4BF7951-44B1-45DD-B1F8-048E962546F9}.Debug|x64.Build.0 = Debug|x64
		{B4BF7951-44B1-45DD-B1F8-048E962546F9}.Release|Mixed Platforms.ActiveCfg = Release|Win32
		{B4BF7951-44B1-45DD-B1F8-048E962546F9}.Release|Mixed Platforms.Build.0 = Release|Win32
		{B4BF7951-44B1-45DD-B1F8-048E962546F9}.Release|Win32.ActiveCfg = Release|Win32
		{B4BF7951-44B1-45DD-B1F8-048E962546F9}.Release|Win32.Build.0 = Release|Win32
		{B4BF7951-44B1-45DD-B1F8-048E962546F9}.Release|x64.ActiveCfg = Release|Win32
		{954B0EB9-9EB8-40EA-A985-5C140F875B21}.Debug|Mixed Platforms.ActiveCfg = Debug|Win32
		{954B0EB9-9EB8-40EA-A985-5C140F875B21}.Debug|Mixed Platforms.Build.0 = Debug|Win32
		{954B0EB9-9EB8-40EA-A985-5C140F875B21}.Debug|Win32.ActiveCfg = Debug|Win32
		{954B0EB9-9EB8-40EA-A985-5C140F875B21}.Debug|Win32.Build.0 = Debug|Win32
		{954B0EB9-9EB8-40EA-A985-5C140F875B21}.Debug|x64.ActiveCfg = Debug|x64
		{954B0EB9-9EB8-40EA-A985-5C140F875B21}.Debug|x64.Build.0 = Debug|x64
		{954B0EB9-9EB8-40EA-A985-5C140F875B21}.Release|Mixed Platforms.ActiveCfg = Release|Win32
		{954B0EB9-9EB8-40EA-A985-5C140F875B21}.Release|Mixed Platforms.Build.0 = Release|Win32
		{954B0EB9-9EB8-40EA-A985-5C140F875B21}.Release|Win32.ActiveCfg = Release|Win32
		{954B0EB9-9EB8-40EA-A985-5C140F875B21}.Release|Win32.Build.0 = Release|Win32
		{954B0EB9-9EB8-40EA-A985-5C140F875B21}.Release|x64.ActiveCfg = Release|Win32
		{638F4643-4ABE-43C8-BFDC-6071C5C3C4EC}.Debug|Mixed Platforms.ActiveCfg = Debug|Win32
		{638F4643-4ABE-43C8-BFDC-6071C5C3C4EC}.Debug|Mixed Platforms.Build.0 = Debug|Win32
		{638F4643-4ABE-43C8-BFDC-6071C5C3C4EC}.Debug|Win32.ActiveCfg = Debug|Win32
		{638F4643-4ABE-43C8-BFDC-6071C5C3C4EC}.Debug|Win32.Build.0 = Debug|Win32
		{638F4643-4ABE-43C8-BFDC-6071C5C3C4EC}.Debug|x64.ActiveCfg = Debug|x64
		{638F4643-4ABE-43C8-BFDC-6071C5C3C4EC}.Debug|x64.Build.0 = Debug|x64
		{638F4643-4ABE-43C8-BFDC-6071C5C3C4EC}.Release|Mixed Platforms.ActiveCfg = Release|Win32
		{638F4643-4ABE-43C8-BFDC-6071C5C3C4EC}.Release|Mixed Platforms.Build.0 = Release|Win32
		{638F4643-4ABE-43C8-BFDC-6071C5C3C4EC}.Release|Win32.ActiveCfg = Release|Win32
		{638F4643-4ABE-43C8-BFDC-6071C5C3C4EC}.Release|Win32.Build.0 = Release|Win32
		{638F4643-4ABE-43C8-BFDC-6071C5C3C4EC}.Release|x64.ActiveCfg = Release|Win32
		{38C7E820-8AC2-4F0C-B7DF-240EA786FE0D}.Debug|Mixed Platforms.ActiveCfg = Debug|Win32
		{38C7E820-8AC2-4F0C-B7DF-240EA786FE0D}.Debug|Mixed Platforms.Build.0 = Debug|Win32
		{38C7E820-8AC2-4F0C-B7DF-240EA786FE0D}.Debug|Win32.ActiveCfg = Debug|Win32
		{38C7E820-8AC2-4F0C-B7DF-240EA786FE0D}.Debug|Win32.Build.0 = Debug|Win32
		{38C7E820-8AC2-4F0C-B7DF-240EA786FE0D}.Debug|x64.ActiveCfg = Debug|x64
		{38C7E820-8AC2-4F0C-B7DF-240EA786FE0D}.Debug|x64.Build.0 = Debug|x64
		{38C7E820-8AC2-4F0C-B7DF-240EA786FE0D}.Release|Mixed Platforms.ActiveCfg = Release|Win32
		{38C7E820-8AC2-4F0C-B7DF-240EA786FE0D}.Release|Mixed Platforms.Build.0 = Release|Win32
		{38C7E820-8AC2-4F0C-B7DF-240EA786FE0D}.Release|Win32.ActiveCfg = Release|Win32
		{38C7E820-8AC2-4F0C-B7DF-240EA786FE0D}.Release|Win32.Build.0 = Release|Win32
		{38C7E820-8AC2-4F0C-B7DF-240EA786FE0D}.Release|x64.ActiveCfg = Release|Win32
		{785CDA28-88D8-4F63-9854-212D2F5EA0E8}.Debug|Mixed Platforms.ActiveCfg = Debug|Win32
		{785CDA28-88D8-4F63-9854-212D2F5EA0E8}.Debug|Mixed Platforms.Build.0 = Debug|Win32
		{785CDA28-88D8-4F63-9854-212D2F5EA0E8}.Debug|Win32.ActiveCfg = Debug|Win32
		{785CDA28-88D8-4F63-9854-212D2F5EA0E8}.Debug|Win32.Build.0 = Debug|Win32
		{785CDA28-88D8-4F63-9854-212D2F5EA0E8}.Debug|x64.ActiveCfg = Debug|x64
		{785CDA28-88D8-4F63-9854-212D2F5EA0E8}.Debug|x64.Build.0 = Debug|x64
		{785CDA28-88D8-4F63-9854-212D2F5EA0E8}.Release|Mixed Platforms.ActiveCfg = Release|Win32
		{785CDA28-88D8-4F63-9854-212D2F5EA0E8}.Release|Mixed Platforms.Build.0 = Release|Win32
		{785CDA28-88D8-4F63-9854-212D2F5EA0E8}.Release|Win32.ActiveCfg = Release|Win32
		{785CDA28-88D8-4F63-9854-212D2F5EA0E8}.Release|Win32.Build.0 = Release|Win32
		{785CDA28-88D8-4F63-9854-212D2F5EA0E8}.Release|x64.ActiveCfg = Release|Win32
		{C83A3A84-7E53-47EA-9FD2-220D6AD45C60}.Debug|Mixed Platforms.ActiveCfg = Debug|Win32
		{C83A3A84-7E53-47EA-9FD2-220D6AD45C60}.Debug|Mixed Platforms.Build.0 = Debug|Win32
		{C83A3A84-7E53-47EA-9FD2-220D6AD45C60}.Debug|Win32.ActiveCfg = Debug|Win32
		{C83A3A84-7E53-47EA-9FD2-220D6AD45C60}.Debug|Win32.Build.0 = Debug|Win32
		{C83A3A84-7E53-47EA-9FD2-220D6AD45C60}.Debug|x64.ActiveCfg = Debug|x64
		{C83A3A84-7E53-47EA-9FD2-220D6AD45C60}.Debug|x64.Build.0 = Debug|x64
		{C83A3A84-7E53-47EA-9FD2-220D6AD45C60}.Release|Mixed Platforms.ActiveCfg = Release|Win32
		{C83A3A84-7E53-47EA-9FD2-220D6AD45C60}.Release|Mixed Platforms.Build.0 = Release|Win32
		{C83A3A84-7E53-47EA-9FD2-220D6AD45C60}.Release|Win32.ActiveCfg = Release|Win32
		{C83A3A84-7E53-47EA-9FD2-220D6AD45C60}.Release|Win32.Build.0 = Release|Win32
		{C83A3A84-7E53-47EA-9FD2-220D6AD45C60}.Release|x64.ActiveCfg = Release|Win32
		{8C967D47-7CA7-48D5-8B9E-E7D0201ECC91}.Debug|Mixed Platforms.ActiveCfg = Debug|Win32
		{8C967D47-7CA7-48D5-8B9E-E7D0201ECC91}.Debug|Mixed Platforms.Build.0 = Debug|Win32
		{8C967D47-7CA7-48D5-8B9E-E7D0201ECC91}.Debug|Win32.ActiveCfg = Debug|Win32
		{8C967D47-7CA7-48D5-8B9E-E7D0201ECC91}.Debug|Win32.Build.0 = Debug|Win32
		{8C967D47-7CA7-48D5-8B9E-E7D0201ECC91}.Debug|x64.ActiveCfg = Debug|x64
		{8C967D47-7CA7-48D5-8B9E-E7D0201ECC91}.Debug|x64.Build.0 = Debug|x64
		{8C967D47-7CA7-48D5-8B9E-E7D0201ECC91}.Release|Mixed Platforms.ActiveCfg = Release|Win32
		{8C967D47-7CA7-48D5-8B9E-E7D0201ECC91}.Release|Mixed Platforms.Build.0 = Release|Win32
		{8C967D47-7CA7-48D5-8B9E-E7D0201ECC91}.Release|Win32.ActiveCfg = Release|Win32
		{8C967D47-7CA7-48D5-8B9E-E7D0201ECC91}.Release|Win32.Build.0 = Release|Win32
		{8C967D47-7CA7-48D5-8B9E-E7D0201ECC91}.Release|x64.ActiveCfg = Release|Win32
		{B0F0C8FA-3550-4271-BF0F-EBA7BAF086B9}.Debug|Mixed Platforms.ActiveCfg = Debug|Win32
		{B0F0C8FA-3550-4271-BF0F-EBA7BAF086B9}.Debug|Mixed Platforms.Build.0 = Debug|Win32
		{B0F0C8FA-3550-4271-BF0F-EBA7BAF086B9}.Debug|Win32.ActiveCfg = Debug|Win32
		{B0F0C8FA-3550-4271-BF0F-EBA7BAF086B9}.Debug|Win32.Build.0 = Debug|Win32
		{B0F0C8FA-3550-4271-BF0F-EBA7BAF086B9}.Debug|x64.ActiveCfg = Debug|x64
		{B0F0C8FA-3550-4271-BF0F-EBA7BAF086B9}.Debug|x64.Build.0 = Debug|x64
		{B0F0C8FA-3550-4271-BF0F-EBA7BAF086B9}.Release|Mixed Platforms.ActiveCfg = Release|Win32
		{B0F0C8FA-3550-4271-BF0F-EBA7BAF086B9}.Release|Mixed Platforms.Build.0 = Release|Win32
		{B0F0C8FA-3550-4271-BF0F-EBA7BAF086B9}.Release|Win32.ActiveCfg = Release|Win32
		{B0F0C8FA-3550-4271-BF0F-EBA7BAF086B9}.Release|Win32.Build.0 = Release|Win32
		{B0F0C8FA-3550-4271-BF0F-EBA7BAF086B9}.Release|x64.ActiveCfg = Release|Win32
		{DF37B765-31E7-4E1D-8FC5-6871055F113F}.Debug|Mixed Platforms.ActiveCfg = Debug|Win32
		{DF37B765-31E7-4E1D-8FC5-6871055F113F}.Debug|Mixed Platforms.Build.0 = Debug|Win32
		{DF37B765-31E7-4E1D-8FC5-6871055F113F}.Debug|Win32.ActiveCfg = Debug|Win32
		{DF37B765-31E7-4E1D-8FC5-6871055F113F}.Debug|Win32.Build.0 = Debug|Win32
		{DF37B765-31E7-4E1D-8FC5-6871055F113F}.Debug|x64.ActiveCfg = Debug|x64
		{DF37B765-31E7-4E1D-8FC5-6871055F113F}.Debug|x64.Build.0 = Debug|x64
		{DF37B765-31E7-4E1D-8FC5-6871055F113F}.Release|Mixed Platforms.ActiveCfg = Release|Win32
		{DF37B765-31E7-4E1D-8FC5-6871055F113F}.Release|Mixed Platforms.Build.0 = Release|Win32
		{DF37B765-31E7-4E1D-8FC5-6871055F113F}.Release|Win32.ActiveCfg = Release|Win32
		{DF37B765-31E7-4E1D-8FC5-6871055F113F}.Release|Win32.Build.0 = Release|Win32
		{DF37B765-31E7-4E1D-8FC5-6871055F113F}.Release|x64.ActiveCfg = Release|Win32
	EndGlobalSection
	GlobalSection(SolutionProperties) = preSolution
		HideSolutionNode = FALSE
	EndGlobalSection
	GlobalSection(NestedProjects) = preSolution
		{C1FEA11D-A8BC-469C-B39D-C31EF8135942} = {6E186E7F-1E4E-486F-B36F-E4D225494026}
		{CDB5F9FA-67B0-4E53-A3CA-AEABFF503419} = {6E186E7F-1E4E-486F-B36F-E4D225494026}
		{7366E1BF-075C-469A-A4D7-3FE976375173} = {6E186E7F-1E4E-486F-B36F-E4D225494026}
		{785CDA28-88D8-4F63-9854-212D2F5EA0E8} = {C1FEA11D-A8BC-469C-B39D-C31EF8135942}
		{C83A3A84-7E53-47EA-9FD2-220D6AD45C60} = {C1FEA11D-A8BC-469C-B39D-C31EF8135942}
		{8C967D47-7CA7-48D5-8B9E-E7D0201ECC91} = {C1FEA11D-A8BC-469C-B39D-C31EF8135942}
		{B0F0C8FA-3550-4271-BF0F-EBA7BAF086B9} = {CDB5F9FA-67B0-4E53-A3CA-AEABFF503419}
		{DF37B765-31E7-4E1D-8FC5-6871055F113F} = {CDB5F9FA-67B0-4E53-A3CA-AEABFF503419}
		{38C7E820-8AC2-4F0C-B7DF-240EA786FE0D} = {7366E1BF-075C-469A-A4D7-3FE976375173}
	EndGlobalSection
EndGlobal
