<?xml version="1.0" encoding="utf-8"?>
<Project ToolsVersion="4.0" xmlns="http://schemas.microsoft.com/developer/msbuild/2003">
  <ItemGroup>
    <ClInclude Include="..\..\stream\cimessageseparator.hpp" />
    <ClInclude Include="..\..\stream\cistreamrw.hpp" />
    <ClInclude Include="..\..\stream\clenvalueseparator.hpp" />
  </ItemGroup>
  <ItemGroup>
    <ClCompile Include="..\..\stream\cistreamrw.cpp" />
    <ClCompile Include="..\..\stream\clenvalueseparator.cpp" />
  </ItemGroup>
</Project>