<?xml version="1.0" encoding="utf-8"?>
<Project ToolsVersion="4.0" xmlns="http://schemas.microsoft.com/developer/msbuild/2003">
  <ItemGroup>
    <ClCompile Include="..\..\examples\rpc\server\main.cpp" />
    <ClCompile Include="..\..\examples\rpc\server\serverreceiver.cpp" />
    <ClCompile Include="..\..\examples\rpc\multiply.cpp" />
    <ClCompile Include="..\..\examples\rpc\testfunc.cpp" />
  </ItemGroup>
  <ItemGroup>
    <ClInclude Include="..\..\examples\rpc\server\serverreceiver.hpp" />
    <ClInclude Include="..\..\examples\rpc\multiply.hpp" />
    <ClInclude Include="..\..\examples\rpc\testfunc.hpp" />
  </ItemGroup>
</Project>