<?xml version="1.0" encoding="utf-8"?>
<Project ToolsVersion="4.0" xmlns="http://schemas.microsoft.com/developer/msbuild/2003">
  <ItemGroup>
    <ClCompile Include="..\..\node\cipcchannel.cpp" />
    <ClCompile Include="..\..\node\cnode.cpp" />
    <ClCompile Include="..\..\node\main.cpp" />
  </ItemGroup>
  <ItemGroup>
    <ClInclude Include="..\..\node\cipcchannel.hpp" />
    <ClInclude Include="..\..\node\cnode.hpp" />
  </ItemGroup>
</Project>